
Microsoft Visual Studio Solution File, Format Version 12.00
# Visual Studio Version 17
VisualStudioVersion = 17.8.34511.84
MinimumVisualStudioVersion = 10.0.40219.1
Project("{FAE04EC0-301F-11D3-BF4B-00C04F79EFBC}") = "FactoryMethod", "GoFStudies\FactoryMethod.csproj", "{2620FC97-F4C3-4E3A-9D13-57795C1FBAA6}"
EndProject
Global
	GlobalSection(SolutionConfigurationPlatforms) = preSolution
		Debug|Any CPU = Debug|Any CPU
		Release|Any CPU = Release|Any CPU
	EndGlobalSection
	GlobalSection(ProjectConfigurationPlatforms) = postSolution
		{2620FC97-F4C3-4E3A-9D13-57795C1FBAA6}.Debug|Any CPU.ActiveCfg = Debug|Any CPU
		{2620FC97-F4C3-4E3A-9D13-57795C1FBAA6}.Debug|Any CPU.Build.0 = Debug|Any CPU
		{2620FC97-F4C3-4E3A-9D13-57795C1FBAA6}.Release|Any CPU.ActiveCfg = Release|Any CPU
		{2620FC97-F4C3-4E3A-9D13-57795C1FBAA6}.Release|Any CPU.Build.0 = Release|Any CPU
	EndGlobalSection
	GlobalSection(SolutionProperties) = preSolution
		HideSolutionNode = FALSE
	EndGlobalSection
	GlobalSection(ExtensibilityGlobals) = postSolution
		SolutionGuid = {D449BE2A-B6E1-4536-B0C9-76777A2A35A3}
	EndGlobalSection
EndGlobal
